
Microsoft Visual Studio Solution File, Format Version 9.00
# Visual Studio 2005
Project("{FAE04EC0-301F-11D3-BF4B-00C04F79EFBC}") = "JuggyAttendance", "JuggyAttendance\JuggyAttendance.csproj", "{8EA32E37-BE95-48A1-B185-57FBF37091FB}"
EndProject
Global
	GlobalSection(SolutionConfigurationPlatforms) = preSolution
		Debug|Any CPU = Debug|Any CPU
		Release|Any CPU = Release|Any CPU
	EndGlobalSection
	GlobalSection(ProjectConfigurationPlatforms) = postSolution
		{8EA32E37-BE95-48A1-B185-57FBF37091FB}.Debug|Any CPU.ActiveCfg = Debug|Any CPU
		{8EA32E37-BE95-48A1-B185-57FBF37091FB}.Debug|Any CPU.Build.0 = Debug|Any CPU
		{8EA32E37-BE95-48A1-B185-57FBF37091FB}.Release|Any CPU.ActiveCfg = Release|Any CPU
		{8EA32E37-BE95-48A1-B185-57FBF37091FB}.Release|Any CPU.Build.0 = Release|Any CPU
	EndGlobalSection
	GlobalSection(SolutionProperties) = preSolution
		HideSolutionNode = FALSE
	EndGlobalSection
EndGlobal
